
Microsoft Visual Studio Solution File, Format Version 12.00
# Visual Studio Version 16
VisualStudioVersion = 16.0.29230.47
MinimumVisualStudioVersion = 10.0.40219.1
Project("{FAE04EC0-301F-11D3-BF4B-00C04F79EFBC}") = "LAB_5_Bulygina", "LAB_5_Bulygina\LAB_5_Bulygina.csproj", "{C59AC2AF-D534-4057-8F45-375FA331FFCE}"
EndProject
Global
	GlobalSection(SolutionConfigurationPlatforms) = preSolution
		Debug|Any CPU = Debug|Any CPU
		Release|Any CPU = Release|Any CPU
	EndGlobalSection
	GlobalSection(ProjectConfigurationPlatforms) = postSolution
		{C59AC2AF-D534-4057-8F45-375FA331FFCE}.Debug|Any CPU.ActiveCfg = Debug|Any CPU
		{C59AC2AF-D534-4057-8F45-375FA331FFCE}.Debug|Any CPU.Build.0 = Debug|Any CPU
		{C59AC2AF-D534-4057-8F45-375FA331FFCE}.Release|Any CPU.ActiveCfg = Release|Any CPU
		{C59AC2AF-D534-4057-8F45-375FA331FFCE}.Release|Any CPU.Build.0 = Release|Any CPU
	EndGlobalSection
	GlobalSection(SolutionProperties) = preSolution
		HideSolutionNode = FALSE
	EndGlobalSection
	GlobalSection(ExtensibilityGlobals) = postSolution
		SolutionGuid = {41D6AEA2-255B-4129-897E-1EE611240166}
	EndGlobalSection
EndGlobal
